{
  "name": "using-packages",
  "version": "1.0.0",
  "lockfileVersion": 3,
  "requires": true,
  "packages": {
    "": {
      "name": "using-packages",
      "version": "1.0.0",
      "license": "ISC",
      "dependencies": {
        "say-happy-holidays": "github:CodingGarden/say-happy-holidays"
      }
    },
    "node_modules/say-happy-holidays": {
      "version": "1.0.1",
      "resolved": "git+ssh://git@github.com/CodingGarden/say-happy-holidays.git#dcbee5f3f539e26ec4b38ef0b3b74ad4352e6426",
      "license": "MIT"
    }
  }
}
