{
  "name": "env-config-loader",
  "version": "1.0.0",
  "lockfileVersion": 3,
  "requires": true,
  "packages": {
    "": {
      "name": "env-config-loader",
      "version": "1.0.0",
      "license": "ISC",
      "dependencies": {
        "dotenv": "^16.0.3",
        "zod": "^3.20.3",
        "zod-validation-error": "^0.3.1"
      }
    },
    "node_modules/dotenv": {
      "version": "16.0.3",
      "resolved": "https://registry.npmjs.org/dotenv/-/dotenv-16.0.3.tgz",
      "integrity": "sha512-7GO6HghkA5fYG9TYnNxi14/7K9f5occMlp3zXAuSxn7CKCxt9xbNWG7yF8hTCSUchlfWSe3uLmlPfigevRItzQ==",
      "engines": {
        "node": ">=12"
      }
    },
    "node_modules/zod": {
      "version": "3.20.3",
      "resolved": "https://registry.npmjs.org/zod/-/zod-3.20.3.tgz",
      "integrity": "sha512-+MLeeUcLTlnzVo5xDn9+LVN9oX4esvgZ7qfZczBN+YVUvZBafIrPPVyG2WdjMWU2Qkb2ZAh2M8lpqf1wIoGqJQ==",
      "funding": {
        "url": "https://github.com/sponsors/colinhacks"
      }
    },
    "node_modules/zod-validation-error": {
      "version": "0.3.1",
      "resolved": "https://registry.npmjs.org/zod-validation-error/-/zod-validation-error-0.3.1.tgz",
      "integrity": "sha512-3m7VcE4YT3ZdGJoYBZnLt8E1S/r8zPFNDWMc2njaeC7Vxe5FQbgIiwHoerSkli5PgsUyxWQhpFxEAJXkBJvoDg==",
      "engines": {
        "node": "^14.17 || >=16.0.0"
      },
      "peerDependencies": {
        "zod": "^3.18.0"
      }
    }
  }
}
