{
  "version": "2",
  "remote": {},
  "npm": {
    "specifiers": {
      "zod": "zod@3.20.6"
    },
    "packages": {
      "zod@3.20.6": {
        "integrity": "sha512-oyu0m54SGCtzh6EClBVqDDlAYRz4jrVtKwQ7ZnsEmMI9HnzuZFj8QFwAY1M5uniIYACdGvv0PBWPF2kO0aNofA==",
        "dependencies": {}
      }
    }
  }
}
